# This file was autogenerated by Stack.
# You should not edit this file by hand.
# For more information, please see the documentation at:
#   https://docs.haskellstack.org/en/stable/lock_files

packages:
- completed:
    hackage: xmonad-0.17.2@sha256:083f43183bdc5dbb70f65cbd287f95c8199c0ed01f524a41747f645843734829,5385
    pantry-tree:
      sha256: 58777df300c413744fa265f6b7216c2ded1652b65b3062e40ff429f07c8e062f
      size: 2486
  original:
    hackage: xmonad-0.17.2
- completed:
    commit: c176a752ded399ae371d8566b829d8f7852f777e
    git: https://github.com/xmonad/xmonad-contrib
    name: xmonad-contrib
    pantry-tree:
      sha256: 24da1955bb725d70c9e502e6d4970fe1de5af711a7a6f66bbdbc97c321b83963
      size: 24504
    version: 0.17.1.9
  original:
    commit: c176a752ded399ae371d8566b829d8f7852f777e
    git: https://github.com/xmonad/xmonad-contrib
snapshots:
- completed:
    sha256: 1d663bec402f77fa09fa3e8cf288c3c7eb18a1f28a5e0c331ac47adeacd21346
    size: 640034
    url: https://raw.githubusercontent.com/commercialhaskell/stackage-snapshots/master/lts/21/16.yaml
  original:
    url: https://raw.githubusercontent.com/commercialhaskell/stackage-snapshots/master/lts/21/16.yaml
